<?xml version="1.0" encoding="utf-8"?>
<Project ToolsVersion="4.0" xmlns="http://schemas.microsoft.com/developer/msbuild/2003">
  <ItemGroup>
    <Filter Include="Archivos de origen">
      <UniqueIdentifier>{4FC737F1-C7A5-4376-A066-2A32D752A2FF}</UniqueIdentifier>
      <Extensions>cpp;c;cc;cxx;c++;cppm;ixx;def;odl;idl;hpj;bat;asm;asmx</Extensions>
    </Filter>
    <Filter Include="Archivos de encabezado">
      <UniqueIdentifier>{93995380-89BD-4b04-88EB-625FBE52EBFB}</UniqueIdentifier>
      <Extensions>h;hh;hpp;hxx;h++;hm;inl;inc;ipp;xsd</Extensions>
    </Filter>
    <Filter Include="Archivos de recursos">
      <UniqueIdentifier>{67DA6AB6-F800-4c08-8B7A-83BB121AAD01}</UniqueIdentifier>
      <Extensions>rc;ico;cur;bmp;dlg;rc2;rct;bin;rgs;gif;jpg;jpeg;jpe;resx;tiff;tif;png;wav;mfcribbon-ms</Extensions>
    </Filter>
  </ItemGroup>
  <ItemGroup>
    <ClInclude Include="framework.h">
      <Filter>Archivos de encabezado</Filter>
    </ClInclude>
    <ClInclude Include="pch.h">
      <Filter>Archivos de encabezado</Filter>
    </ClInclude>
    <ClInclude Include="Wrapper.h">
      <Filter>Archivos de encabezado</Filter>
    </ClInclude>
    <ClInclude Include="..\..\..\..\Downloads\clips_core_source_642\clips_core_source_642\core\agenda.h">
      <Filter>Archivos de encabezado</Filter>
    </ClInclude>
    <ClInclude Include="..\..\..\..\Downloads\clips_core_source_642\clips_core_source_642\core\analysis.h">
      <Filter>Archivos de encabezado</Filter>
    </ClInclude>
    <ClInclude Include="..\..\..\..\Downloads\clips_core_source_642\clips_core_source_642\core\argacces.h">
      <Filter>Archivos de encabezado</Filter>
    </ClInclude>
    <ClInclude Include="..\..\..\..\Downloads\clips_core_source_642\clips_core_source_642\core\bload.h">
      <Filter>Archivos de encabezado</Filter>
    </ClInclude>
    <ClInclude Include="..\..\..\..\Downloads\clips_core_source_642\clips_core_source_642\core\bmathfun.h">
      <Filter>Archivos de encabezado</Filter>
    </ClInclude>
    <ClInclude Include="..\..\..\..\Downloads\clips_core_source_642\clips_core_source_642\core\bsave.h">
      <Filter>Archivos de encabezado</Filter>
    </ClInclude>
    <ClInclude Include="..\..\..\..\Downloads\clips_core_source_642\clips_core_source_642\core\classcom.h">
      <Filter>Archivos de encabezado</Filter>
    </ClInclude>
    <ClInclude Include="..\..\..\..\Downloads\clips_core_source_642\clips_core_source_642\core\classexm.h">
      <Filter>Archivos de encabezado</Filter>
    </ClInclude>
    <ClInclude Include="..\..\..\..\Downloads\clips_core_source_642\clips_core_source_642\core\classfun.h">
      <Filter>Archivos de encabezado</Filter>
    </ClInclude>
    <ClInclude Include="..\..\..\..\Downloads\clips_core_source_642\clips_core_source_642\core\classinf.h">
      <Filter>Archivos de encabezado</Filter>
    </ClInclude>
    <ClInclude Include="..\..\..\..\Downloads\clips_core_source_642\clips_core_source_642\core\classini.h">
      <Filter>Archivos de encabezado</Filter>
    </ClInclude>
    <ClInclude Include="..\..\..\..\Downloads\clips_core_source_642\clips_core_source_642\core\classpsr.h">
      <Filter>Archivos de encabezado</Filter>
    </ClInclude>
    <ClInclude Include="..\..\..\..\Downloads\clips_core_source_642\clips_core_source_642\core\clips.h">
      <Filter>Archivos de encabezado</Filter>
    </ClInclude>
    <ClInclude Include="..\..\..\..\Downloads\clips_core_source_642\clips_core_source_642\core\clsltpsr.h">
      <Filter>Archivos de encabezado</Filter>
    </ClInclude>
    <ClInclude Include="..\..\..\..\Downloads\clips_core_source_642\clips_core_source_642\core\commline.h">
      <Filter>Archivos de encabezado</Filter>
    </ClInclude>
    <ClInclude Include="..\..\..\..\Downloads\clips_core_source_642\clips_core_source_642\core\conscomp.h">
      <Filter>Archivos de encabezado</Filter>
    </ClInclude>
    <ClInclude Include="..\..\..\..\Downloads\clips_core_source_642\clips_core_source_642\core\constant.h">
      <Filter>Archivos de encabezado</Filter>
    </ClInclude>
    <ClInclude Include="..\..\..\..\Downloads\clips_core_source_642\clips_core_source_642\core\constrct.h">
      <Filter>Archivos de encabezado</Filter>
    </ClInclude>
    <ClInclude Include="..\..\..\..\Downloads\clips_core_source_642\clips_core_source_642\core\constrnt.h">
      <Filter>Archivos de encabezado</Filter>
    </ClInclude>
    <ClInclude Include="..\..\..\..\Downloads\clips_core_source_642\clips_core_source_642\core\crstrtgy.h">
      <Filter>Archivos de encabezado</Filter>
    </ClInclude>
    <ClInclude Include="..\..\..\..\Downloads\clips_core_source_642\clips_core_source_642\core\cstrcbin.h">
      <Filter>Archivos de encabezado</Filter>
    </ClInclude>
    <ClInclude Include="..\..\..\..\Downloads\clips_core_source_642\clips_core_source_642\core\cstrccmp.h">
      <Filter>Archivos de encabezado</Filter>
    </ClInclude>
    <ClInclude Include="..\..\..\..\Downloads\clips_core_source_642\clips_core_source_642\core\cstrccom.h">
      <Filter>Archivos de encabezado</Filter>
    </ClInclude>
    <ClInclude Include="..\..\..\..\Downloads\clips_core_source_642\clips_core_source_642\core\cstrcpsr.h">
      <Filter>Archivos de encabezado</Filter>
    </ClInclude>
    <ClInclude Include="..\..\..\..\Downloads\clips_core_source_642\clips_core_source_642\core\cstrnbin.h">
      <Filter>Archivos de encabezado</Filter>
    </ClInclude>
    <ClInclude Include="..\..\..\..\Downloads\clips_core_source_642\clips_core_source_642\core\cstrnchk.h">
      <Filter>Archivos de encabezado</Filter>
    </ClInclude>
    <ClInclude Include="..\..\..\..\Downloads\clips_core_source_642\clips_core_source_642\core\cstrncmp.h">
      <Filter>Archivos de encabezado</Filter>
    </ClInclude>
    <ClInclude Include="..\..\..\..\Downloads\clips_core_source_642\clips_core_source_642\core\cstrnops.h">
      <Filter>Archivos de encabezado</Filter>
    </ClInclude>
    <ClInclude Include="..\..\..\..\Downloads\clips_core_source_642\clips_core_source_642\core\cstrnpsr.h">
      <Filter>Archivos de encabezado</Filter>
    </ClInclude>
    <ClInclude Include="..\..\..\..\Downloads\clips_core_source_642\clips_core_source_642\core\cstrnutl.h">
      <Filter>Archivos de encabezado</Filter>
    </ClInclude>
    <ClInclude Include="..\..\..\..\Downloads\clips_core_source_642\clips_core_source_642\core\default.h">
      <Filter>Archivos de encabezado</Filter>
    </ClInclude>
    <ClInclude Include="..\..\..\..\Downloads\clips_core_source_642\clips_core_source_642\core\defins.h">
      <Filter>Archivos de encabezado</Filter>
    </ClInclude>
    <ClInclude Include="..\..\..\..\Downloads\clips_core_source_642\clips_core_source_642\core\developr.h">
      <Filter>Archivos de encabezado</Filter>
    </ClInclude>
    <ClInclude Include="..\..\..\..\Downloads\clips_core_source_642\clips_core_source_642\core\dffctbin.h">
      <Filter>Archivos de encabezado</Filter>
    </ClInclude>
    <ClInclude Include="..\..\..\..\Downloads\clips_core_source_642\clips_core_source_642\core\dffctbsc.h">
      <Filter>Archivos de encabezado</Filter>
    </ClInclude>
    <ClInclude Include="..\..\..\..\Downloads\clips_core_source_642\clips_core_source_642\core\dffctcmp.h">
      <Filter>Archivos de encabezado</Filter>
    </ClInclude>
    <ClInclude Include="..\..\..\..\Downloads\clips_core_source_642\clips_core_source_642\core\dffctdef.h">
      <Filter>Archivos de encabezado</Filter>
    </ClInclude>
    <ClInclude Include="..\..\..\..\Downloads\clips_core_source_642\clips_core_source_642\core\dffctpsr.h">
      <Filter>Archivos de encabezado</Filter>
    </ClInclude>
    <ClInclude Include="..\..\..\..\Downloads\clips_core_source_642\clips_core_source_642\core\dffnxbin.h">
      <Filter>Archivos de encabezado</Filter>
    </ClInclude>
    <ClInclude Include="..\..\..\..\Downloads\clips_core_source_642\clips_core_source_642\core\dffnxcmp.h">
      <Filter>Archivos de encabezado</Filter>
    </ClInclude>
    <ClInclude Include="..\..\..\..\Downloads\clips_core_source_642\clips_core_source_642\core\dffnxexe.h">
      <Filter>Archivos de encabezado</Filter>
    </ClInclude>
    <ClInclude Include="..\..\..\..\Downloads\clips_core_source_642\clips_core_source_642\core\dffnxfun.h">
      <Filter>Archivos de encabezado</Filter>
    </ClInclude>
    <ClInclude Include="..\..\..\..\Downloads\clips_core_source_642\clips_core_source_642\core\dffnxpsr.h">
      <Filter>Archivos de encabezado</Filter>
    </ClInclude>
    <ClInclude Include="..\..\..\..\Downloads\clips_core_source_642\clips_core_source_642\core\dfinsbin.h">
      <Filter>Archivos de encabezado</Filter>
    </ClInclude>
    <ClInclude Include="..\..\..\..\Downloads\clips_core_source_642\clips_core_source_642\core\dfinscmp.h">
      <Filter>Archivos de encabezado</Filter>
    </ClInclude>
    <ClInclude Include="..\..\..\..\Downloads\clips_core_source_642\clips_core_source_642\core\drive.h">
      <Filter>Archivos de encabezado</Filter>
    </ClInclude>
    <ClInclude Include="..\..\..\..\Downloads\clips_core_source_642\clips_core_source_642\core\emathfun.h">
      <Filter>Archivos de encabezado</Filter>
    </ClInclude>
    <ClInclude Include="..\..\..\..\Downloads\clips_core_source_642\clips_core_source_642\core\engine.h">
      <Filter>Archivos de encabezado</Filter>
    </ClInclude>
    <ClInclude Include="..\..\..\..\Downloads\clips_core_source_642\clips_core_source_642\core\entities.h">
      <Filter>Archivos de encabezado</Filter>
    </ClInclude>
    <ClInclude Include="..\..\..\..\Downloads\clips_core_source_642\clips_core_source_642\core\envrnbld.h">
      <Filter>Archivos de encabezado</Filter>
    </ClInclude>
    <ClInclude Include="..\..\..\..\Downloads\clips_core_source_642\clips_core_source_642\core\envrnmnt.h">
      <Filter>Archivos de encabezado</Filter>
    </ClInclude>
    <ClInclude Include="..\..\..\..\Downloads\clips_core_source_642\clips_core_source_642\core\evaluatn.h">
      <Filter>Archivos de encabezado</Filter>
    </ClInclude>
    <ClInclude Include="..\..\..\..\Downloads\clips_core_source_642\clips_core_source_642\core\expressn.h">
      <Filter>Archivos de encabezado</Filter>
    </ClInclude>
    <ClInclude Include="..\..\..\..\Downloads\clips_core_source_642\clips_core_source_642\core\exprnbin.h">
      <Filter>Archivos de encabezado</Filter>
    </ClInclude>
    <ClInclude Include="..\..\..\..\Downloads\clips_core_source_642\clips_core_source_642\core\exprnops.h">
      <Filter>Archivos de encabezado</Filter>
    </ClInclude>
    <ClInclude Include="..\..\..\..\Downloads\clips_core_source_642\clips_core_source_642\core\exprnpsr.h">
      <Filter>Archivos de encabezado</Filter>
    </ClInclude>
    <ClInclude Include="..\..\..\..\Downloads\clips_core_source_642\clips_core_source_642\core\extnfunc.h">
      <Filter>Archivos de encabezado</Filter>
    </ClInclude>
    <ClInclude Include="..\..\..\..\Downloads\clips_core_source_642\clips_core_source_642\core\factbin.h">
      <Filter>Archivos de encabezado</Filter>
    </ClInclude>
    <ClInclude Include="..\..\..\..\Downloads\clips_core_source_642\clips_core_source_642\core\factbld.h">
      <Filter>Archivos de encabezado</Filter>
    </ClInclude>
    <ClInclude Include="..\..\..\..\Downloads\clips_core_source_642\clips_core_source_642\core\factcmp.h">
      <Filter>Archivos de encabezado</Filter>
    </ClInclude>
    <ClInclude Include="..\..\..\..\Downloads\clips_core_source_642\clips_core_source_642\core\factcom.h">
      <Filter>Archivos de encabezado</Filter>
    </ClInclude>
    <ClInclude Include="..\..\..\..\Downloads\clips_core_source_642\clips_core_source_642\core\factfile.h">
      <Filter>Archivos de encabezado</Filter>
    </ClInclude>
    <ClInclude Include="..\..\..\..\Downloads\clips_core_source_642\clips_core_source_642\core\factfun.h">
      <Filter>Archivos de encabezado</Filter>
    </ClInclude>
    <ClInclude Include="..\..\..\..\Downloads\clips_core_source_642\clips_core_source_642\core\factgen.h">
      <Filter>Archivos de encabezado</Filter>
    </ClInclude>
    <ClInclude Include="..\..\..\..\Downloads\clips_core_source_642\clips_core_source_642\core\facthsh.h">
      <Filter>Archivos de encabezado</Filter>
    </ClInclude>
    <ClInclude Include="..\..\..\..\Downloads\clips_core_source_642\clips_core_source_642\core\factlhs.h">
      <Filter>Archivos de encabezado</Filter>
    </ClInclude>
    <ClInclude Include="..\..\..\..\Downloads\clips_core_source_642\clips_core_source_642\core\factmch.h">
      <Filter>Archivos de encabezado</Filter>
    </ClInclude>
    <ClInclude Include="..\..\..\..\Downloads\clips_core_source_642\clips_core_source_642\core\factmngr.h">
      <Filter>Archivos de encabezado</Filter>
    </ClInclude>
    <ClInclude Include="..\..\..\..\Downloads\clips_core_source_642\clips_core_source_642\core\factprt.h">
      <Filter>Archivos de encabezado</Filter>
    </ClInclude>
    <ClInclude Include="..\..\..\..\Downloads\clips_core_source_642\clips_core_source_642\core\factqpsr.h">
      <Filter>Archivos de encabezado</Filter>
    </ClInclude>
    <ClInclude Include="..\..\..\..\Downloads\clips_core_source_642\clips_core_source_642\core\factqury.h">
      <Filter>Archivos de encabezado</Filter>
    </ClInclude>
    <ClInclude Include="..\..\..\..\Downloads\clips_core_source_642\clips_core_source_642\core\factrete.h">
      <Filter>Archivos de encabezado</Filter>
    </ClInclude>
    <ClInclude Include="..\..\..\..\Downloads\clips_core_source_642\clips_core_source_642\core\factrhs.h">
      <Filter>Archivos de encabezado</Filter>
    </ClInclude>
    <ClInclude Include="..\..\..\..\Downloads\clips_core_source_642\clips_core_source_642\core\filecom.h">
      <Filter>Archivos de encabezado</Filter>
    </ClInclude>
    <ClInclude Include="..\..\..\..\Downloads\clips_core_source_642\clips_core_source_642\core\filertr.h">
      <Filter>Archivos de encabezado</Filter>
    </ClInclude>
    <ClInclude Include="..\..\..\..\Downloads\clips_core_source_642\clips_core_source_642\core\fileutil.h">
      <Filter>Archivos de encabezado</Filter>
    </ClInclude>
    <ClInclude Include="..\..\..\..\Downloads\clips_core_source_642\clips_core_source_642\core\generate.h">
      <Filter>Archivos de encabezado</Filter>
    </ClInclude>
    <ClInclude Include="..\..\..\..\Downloads\clips_core_source_642\clips_core_source_642\core\genrcbin.h">
      <Filter>Archivos de encabezado</Filter>
    </ClInclude>
    <ClInclude Include="..\..\..\..\Downloads\clips_core_source_642\clips_core_source_642\core\genrccmp.h">
      <Filter>Archivos de encabezado</Filter>
    </ClInclude>
    <ClInclude Include="..\..\..\..\Downloads\clips_core_source_642\clips_core_source_642\core\genrccom.h">
      <Filter>Archivos de encabezado</Filter>
    </ClInclude>
    <ClInclude Include="..\..\..\..\Downloads\clips_core_source_642\clips_core_source_642\core\genrcexe.h">
      <Filter>Archivos de encabezado</Filter>
    </ClInclude>
    <ClInclude Include="..\..\..\..\Downloads\clips_core_source_642\clips_core_source_642\core\genrcfun.h">
      <Filter>Archivos de encabezado</Filter>
    </ClInclude>
    <ClInclude Include="..\..\..\..\Downloads\clips_core_source_642\clips_core_source_642\core\genrcpsr.h">
      <Filter>Archivos de encabezado</Filter>
    </ClInclude>
    <ClInclude Include="..\..\..\..\Downloads\clips_core_source_642\clips_core_source_642\core\globlbin.h">
      <Filter>Archivos de encabezado</Filter>
    </ClInclude>
    <ClInclude Include="..\..\..\..\Downloads\clips_core_source_642\clips_core_source_642\core\globlbsc.h">
      <Filter>Archivos de encabezado</Filter>
    </ClInclude>
    <ClInclude Include="..\..\..\..\Downloads\clips_core_source_642\clips_core_source_642\core\globlcmp.h">
      <Filter>Archivos de encabezado</Filter>
    </ClInclude>
    <ClInclude Include="..\..\..\..\Downloads\clips_core_source_642\clips_core_source_642\core\globlcom.h">
      <Filter>Archivos de encabezado</Filter>
    </ClInclude>
    <ClInclude Include="..\..\..\..\Downloads\clips_core_source_642\clips_core_source_642\core\globldef.h">
      <Filter>Archivos de encabezado</Filter>
    </ClInclude>
    <ClInclude Include="..\..\..\..\Downloads\clips_core_source_642\clips_core_source_642\core\globlpsr.h">
      <Filter>Archivos de encabezado</Filter>
    </ClInclude>
    <ClInclude Include="..\..\..\..\Downloads\clips_core_source_642\clips_core_source_642\core\immthpsr.h">
      <Filter>Archivos de encabezado</Filter>
    </ClInclude>
    <ClInclude Include="..\..\..\..\Downloads\clips_core_source_642\clips_core_source_642\core\incrrset.h">
      <Filter>Archivos de encabezado</Filter>
    </ClInclude>
    <ClInclude Include="..\..\..\..\Downloads\clips_core_source_642\clips_core_source_642\core\inherpsr.h">
      <Filter>Archivos de encabezado</Filter>
    </ClInclude>
    <ClInclude Include="..\..\..\..\Downloads\clips_core_source_642\clips_core_source_642\core\inscom.h">
      <Filter>Archivos de encabezado</Filter>
    </ClInclude>
    <ClInclude Include="..\..\..\..\Downloads\clips_core_source_642\clips_core_source_642\core\insfile.h">
      <Filter>Archivos de encabezado</Filter>
    </ClInclude>
    <ClInclude Include="..\..\..\..\Downloads\clips_core_source_642\clips_core_source_642\core\insfun.h">
      <Filter>Archivos de encabezado</Filter>
    </ClInclude>
    <ClInclude Include="..\..\..\..\Downloads\clips_core_source_642\clips_core_source_642\core\insmngr.h">
      <Filter>Archivos de encabezado</Filter>
    </ClInclude>
    <ClInclude Include="..\..\..\..\Downloads\clips_core_source_642\clips_core_source_642\core\insmoddp.h">
      <Filter>Archivos de encabezado</Filter>
    </ClInclude>
    <ClInclude Include="..\..\..\..\Downloads\clips_core_source_642\clips_core_source_642\core\insmult.h">
      <Filter>Archivos de encabezado</Filter>
    </ClInclude>
    <ClInclude Include="..\..\..\..\Downloads\clips_core_source_642\clips_core_source_642\core\inspsr.h">
      <Filter>Archivos de encabezado</Filter>
    </ClInclude>
    <ClInclude Include="..\..\..\..\Downloads\clips_core_source_642\clips_core_source_642\core\insquery.h">
      <Filter>Archivos de encabezado</Filter>
    </ClInclude>
    <ClInclude Include="..\..\..\..\Downloads\clips_core_source_642\clips_core_source_642\core\insqypsr.h">
      <Filter>Archivos de encabezado</Filter>
    </ClInclude>
    <ClInclude Include="..\..\..\..\Downloads\clips_core_source_642\clips_core_source_642\core\iofun.h">
      <Filter>Archivos de encabezado</Filter>
    </ClInclude>
    <ClInclude Include="..\..\..\..\Downloads\clips_core_source_642\clips_core_source_642\core\lgcldpnd.h">
      <Filter>Archivos de encabezado</Filter>
    </ClInclude>
    <ClInclude Include="..\..\..\..\Downloads\clips_core_source_642\clips_core_source_642\core\match.h">
      <Filter>Archivos de encabezado</Filter>
    </ClInclude>
    <ClInclude Include="..\..\..\..\Downloads\clips_core_source_642\clips_core_source_642\core\memalloc.h">
      <Filter>Archivos de encabezado</Filter>
    </ClInclude>
    <ClInclude Include="..\..\..\..\Downloads\clips_core_source_642\clips_core_source_642\core\miscfun.h">
      <Filter>Archivos de encabezado</Filter>
    </ClInclude>
    <ClInclude Include="..\..\..\..\Downloads\clips_core_source_642\clips_core_source_642\core\modulbin.h">
      <Filter>Archivos de encabezado</Filter>
    </ClInclude>
    <ClInclude Include="..\..\..\..\Downloads\clips_core_source_642\clips_core_source_642\core\modulbsc.h">
      <Filter>Archivos de encabezado</Filter>
    </ClInclude>
    <ClInclude Include="..\..\..\..\Downloads\clips_core_source_642\clips_core_source_642\core\modulcmp.h">
      <Filter>Archivos de encabezado</Filter>
    </ClInclude>
    <ClInclude Include="..\..\..\..\Downloads\clips_core_source_642\clips_core_source_642\core\moduldef.h">
      <Filter>Archivos de encabezado</Filter>
    </ClInclude>
    <ClInclude Include="..\..\..\..\Downloads\clips_core_source_642\clips_core_source_642\core\modulpsr.h">
      <Filter>Archivos de encabezado</Filter>
    </ClInclude>
    <ClInclude Include="..\..\..\..\Downloads\clips_core_source_642\clips_core_source_642\core\modulutl.h">
      <Filter>Archivos de encabezado</Filter>
    </ClInclude>
    <ClInclude Include="..\..\..\..\Downloads\clips_core_source_642\clips_core_source_642\core\msgcom.h">
      <Filter>Archivos de encabezado</Filter>
    </ClInclude>
    <ClInclude Include="..\..\..\..\Downloads\clips_core_source_642\clips_core_source_642\core\msgfun.h">
      <Filter>Archivos de encabezado</Filter>
    </ClInclude>
    <ClInclude Include="..\..\..\..\Downloads\clips_core_source_642\clips_core_source_642\core\msgpass.h">
      <Filter>Archivos de encabezado</Filter>
    </ClInclude>
    <ClInclude Include="..\..\..\..\Downloads\clips_core_source_642\clips_core_source_642\core\msgpsr.h">
      <Filter>Archivos de encabezado</Filter>
    </ClInclude>
    <ClInclude Include="..\..\..\..\Downloads\clips_core_source_642\clips_core_source_642\core\multifld.h">
      <Filter>Archivos de encabezado</Filter>
    </ClInclude>
    <ClInclude Include="..\..\..\..\Downloads\clips_core_source_642\clips_core_source_642\core\multifun.h">
      <Filter>Archivos de encabezado</Filter>
    </ClInclude>
    <ClInclude Include="..\..\..\..\Downloads\clips_core_source_642\clips_core_source_642\core\network.h">
      <Filter>Archivos de encabezado</Filter>
    </ClInclude>
    <ClInclude Include="..\..\..\..\Downloads\clips_core_source_642\clips_core_source_642\core\objbin.h">
      <Filter>Archivos de encabezado</Filter>
    </ClInclude>
    <ClInclude Include="..\..\..\..\Downloads\clips_core_source_642\clips_core_source_642\core\objcmp.h">
      <Filter>Archivos de encabezado</Filter>
    </ClInclude>
    <ClInclude Include="..\..\..\..\Downloads\clips_core_source_642\clips_core_source_642\core\object.h">
      <Filter>Archivos de encabezado</Filter>
    </ClInclude>
    <ClInclude Include="..\..\..\..\Downloads\clips_core_source_642\clips_core_source_642\core\objrtbin.h">
      <Filter>Archivos de encabezado</Filter>
    </ClInclude>
    <ClInclude Include="..\..\..\..\Downloads\clips_core_source_642\clips_core_source_642\core\objrtbld.h">
      <Filter>Archivos de encabezado</Filter>
    </ClInclude>
    <ClInclude Include="..\..\..\..\Downloads\clips_core_source_642\clips_core_source_642\core\objrtcmp.h">
      <Filter>Archivos de encabezado</Filter>
    </ClInclude>
    <ClInclude Include="..\..\..\..\Downloads\clips_core_source_642\clips_core_source_642\core\objrtfnx.h">
      <Filter>Archivos de encabezado</Filter>
    </ClInclude>
    <ClInclude Include="..\..\..\..\Downloads\clips_core_source_642\clips_core_source_642\core\objrtgen.h">
      <Filter>Archivos de encabezado</Filter>
    </ClInclude>
    <ClInclude Include="..\..\..\..\Downloads\clips_core_source_642\clips_core_source_642\core\objrtmch.h">
      <Filter>Archivos de encabezado</Filter>
    </ClInclude>
    <ClInclude Include="..\..\..\..\Downloads\clips_core_source_642\clips_core_source_642\core\parsefun.h">
      <Filter>Archivos de encabezado</Filter>
    </ClInclude>
    <ClInclude Include="..\..\..\..\Downloads\clips_core_source_642\clips_core_source_642\core\pattern.h">
      <Filter>Archivos de encabezado</Filter>
    </ClInclude>
    <ClInclude Include="..\..\..\..\Downloads\clips_core_source_642\clips_core_source_642\core\pprint.h">
      <Filter>Archivos de encabezado</Filter>
    </ClInclude>
    <ClInclude Include="..\..\..\..\Downloads\clips_core_source_642\clips_core_source_642\core\prccode.h">
      <Filter>Archivos de encabezado</Filter>
    </ClInclude>
    <ClInclude Include="..\..\..\..\Downloads\clips_core_source_642\clips_core_source_642\core\prcdrfun.h">
      <Filter>Archivos de encabezado</Filter>
    </ClInclude>
    <ClInclude Include="..\..\..\..\Downloads\clips_core_source_642\clips_core_source_642\core\prcdrpsr.h">
      <Filter>Archivos de encabezado</Filter>
    </ClInclude>
    <ClInclude Include="..\..\..\..\Downloads\clips_core_source_642\clips_core_source_642\core\prdctfun.h">
      <Filter>Archivos de encabezado</Filter>
    </ClInclude>
    <ClInclude Include="..\..\..\..\Downloads\clips_core_source_642\clips_core_source_642\core\prntutil.h">
      <Filter>Archivos de encabezado</Filter>
    </ClInclude>
    <ClInclude Include="..\..\..\..\Downloads\clips_core_source_642\clips_core_source_642\core\proflfun.h">
      <Filter>Archivos de encabezado</Filter>
    </ClInclude>
    <ClInclude Include="..\..\..\..\Downloads\clips_core_source_642\clips_core_source_642\core\reorder.h">
      <Filter>Archivos de encabezado</Filter>
    </ClInclude>
    <ClInclude Include="..\..\..\..\Downloads\clips_core_source_642\clips_core_source_642\core\reteutil.h">
      <Filter>Archivos de encabezado</Filter>
    </ClInclude>
    <ClInclude Include="..\..\..\..\Downloads\clips_core_source_642\clips_core_source_642\core\retract.h">
      <Filter>Archivos de encabezado</Filter>
    </ClInclude>
    <ClInclude Include="..\..\..\..\Downloads\clips_core_source_642\clips_core_source_642\core\router.h">
      <Filter>Archivos de encabezado</Filter>
    </ClInclude>
    <ClInclude Include="..\..\..\..\Downloads\clips_core_source_642\clips_core_source_642\core\rulebin.h">
      <Filter>Archivos de encabezado</Filter>
    </ClInclude>
    <ClInclude Include="..\..\..\..\Downloads\clips_core_source_642\clips_core_source_642\core\rulebld.h">
      <Filter>Archivos de encabezado</Filter>
    </ClInclude>
    <ClInclude Include="..\..\..\..\Downloads\clips_core_source_642\clips_core_source_642\core\rulebsc.h">
      <Filter>Archivos de encabezado</Filter>
    </ClInclude>
    <ClInclude Include="..\..\..\..\Downloads\clips_core_source_642\clips_core_source_642\core\rulecmp.h">
      <Filter>Archivos de encabezado</Filter>
    </ClInclude>
    <ClInclude Include="..\..\..\..\Downloads\clips_core_source_642\clips_core_source_642\core\rulecom.h">
      <Filter>Archivos de encabezado</Filter>
    </ClInclude>
    <ClInclude Include="..\..\..\..\Downloads\clips_core_source_642\clips_core_source_642\core\rulecstr.h">
      <Filter>Archivos de encabezado</Filter>
    </ClInclude>
    <ClInclude Include="..\..\..\..\Downloads\clips_core_source_642\clips_core_source_642\core\ruledef.h">
      <Filter>Archivos de encabezado</Filter>
    </ClInclude>
    <ClInclude Include="..\..\..\..\Downloads\clips_core_source_642\clips_core_source_642\core\ruledlt.h">
      <Filter>Archivos de encabezado</Filter>
    </ClInclude>
    <ClInclude Include="..\..\..\..\Downloads\clips_core_source_642\clips_core_source_642\core\rulelhs.h">
      <Filter>Archivos de encabezado</Filter>
    </ClInclude>
    <ClInclude Include="..\..\..\..\Downloads\clips_core_source_642\clips_core_source_642\core\rulepsr.h">
      <Filter>Archivos de encabezado</Filter>
    </ClInclude>
    <ClInclude Include="..\..\..\..\Downloads\clips_core_source_642\clips_core_source_642\core\scanner.h">
      <Filter>Archivos de encabezado</Filter>
    </ClInclude>
    <ClInclude Include="..\..\..\..\Downloads\clips_core_source_642\clips_core_source_642\core\setup.h">
      <Filter>Archivos de encabezado</Filter>
    </ClInclude>
    <ClInclude Include="..\..\..\..\Downloads\clips_core_source_642\clips_core_source_642\core\sortfun.h">
      <Filter>Archivos de encabezado</Filter>
    </ClInclude>
    <ClInclude Include="..\..\..\..\Downloads\clips_core_source_642\clips_core_source_642\core\strngfun.h">
      <Filter>Archivos de encabezado</Filter>
    </ClInclude>
    <ClInclude Include="..\..\..\..\Downloads\clips_core_source_642\clips_core_source_642\core\strngrtr.h">
      <Filter>Archivos de encabezado</Filter>
    </ClInclude>
    <ClInclude Include="..\..\..\..\Downloads\clips_core_source_642\clips_core_source_642\core\symblbin.h">
      <Filter>Archivos de encabezado</Filter>
    </ClInclude>
    <ClInclude Include="..\..\..\..\Downloads\clips_core_source_642\clips_core_source_642\core\symblcmp.h">
      <Filter>Archivos de encabezado</Filter>
    </ClInclude>
    <ClInclude Include="..\..\..\..\Downloads\clips_core_source_642\clips_core_source_642\core\symbol.h">
      <Filter>Archivos de encabezado</Filter>
    </ClInclude>
    <ClInclude Include="..\..\..\..\Downloads\clips_core_source_642\clips_core_source_642\core\sysdep.h">
      <Filter>Archivos de encabezado</Filter>
    </ClInclude>
    <ClInclude Include="..\..\..\..\Downloads\clips_core_source_642\clips_core_source_642\core\textpro.h">
      <Filter>Archivos de encabezado</Filter>
    </ClInclude>
    <ClInclude Include="..\..\..\..\Downloads\clips_core_source_642\clips_core_source_642\core\tmpltbin.h">
      <Filter>Archivos de encabezado</Filter>
    </ClInclude>
    <ClInclude Include="..\..\..\..\Downloads\clips_core_source_642\clips_core_source_642\core\tmpltbsc.h">
      <Filter>Archivos de encabezado</Filter>
    </ClInclude>
    <ClInclude Include="..\..\..\..\Downloads\clips_core_source_642\clips_core_source_642\core\tmpltcmp.h">
      <Filter>Archivos de encabezado</Filter>
    </ClInclude>
    <ClInclude Include="..\..\..\..\Downloads\clips_core_source_642\clips_core_source_642\core\tmpltdef.h">
      <Filter>Archivos de encabezado</Filter>
    </ClInclude>
    <ClInclude Include="..\..\..\..\Downloads\clips_core_source_642\clips_core_source_642\core\tmpltfun.h">
      <Filter>Archivos de encabezado</Filter>
    </ClInclude>
    <ClInclude Include="..\..\..\..\Downloads\clips_core_source_642\clips_core_source_642\core\tmpltlhs.h">
      <Filter>Archivos de encabezado</Filter>
    </ClInclude>
    <ClInclude Include="..\..\..\..\Downloads\clips_core_source_642\clips_core_source_642\core\tmpltpsr.h">
      <Filter>Archivos de encabezado</Filter>
    </ClInclude>
    <ClInclude Include="..\..\..\..\Downloads\clips_core_source_642\clips_core_source_642\core\tmpltrhs.h">
      <Filter>Archivos de encabezado</Filter>
    </ClInclude>
    <ClInclude Include="..\..\..\..\Downloads\clips_core_source_642\clips_core_source_642\core\tmpltutl.h">
      <Filter>Archivos de encabezado</Filter>
    </ClInclude>
    <ClInclude Include="..\..\..\..\Downloads\clips_core_source_642\clips_core_source_642\core\userdata.h">
      <Filter>Archivos de encabezado</Filter>
    </ClInclude>
    <ClInclude Include="..\..\..\..\Downloads\clips_core_source_642\clips_core_source_642\core\usrsetup.h">
      <Filter>Archivos de encabezado</Filter>
    </ClInclude>
    <ClInclude Include="..\..\..\..\Downloads\clips_core_source_642\clips_core_source_642\core\utility.h">
      <Filter>Archivos de encabezado</Filter>
    </ClInclude>
    <ClInclude Include="..\..\..\..\Downloads\clips_core_source_642\clips_core_source_642\core\watch.h">
      <Filter>Archivos de encabezado</Filter>
    </ClInclude>
  </ItemGroup>
  <ItemGroup>
    <ClCompile Include="dllmain.cpp">
      <Filter>Archivos de origen</Filter>
    </ClCompile>
    <ClCompile Include="pch.cpp">
      <Filter>Archivos de origen</Filter>
    </ClCompile>
    <ClCompile Include="Wrapper.cpp">
      <Filter>Archivos de origen</Filter>
    </ClCompile>
    <ClCompile Include="..\..\..\..\Downloads\clips_core_source_642\clips_core_source_642\core\watch.c">
      <Filter>Archivos de origen</Filter>
    </ClCompile>
    <ClCompile Include="..\..\..\..\Downloads\clips_core_source_642\clips_core_source_642\core\utility.c">
      <Filter>Archivos de origen</Filter>
    </ClCompile>
    <ClCompile Include="..\..\..\..\Downloads\clips_core_source_642\clips_core_source_642\core\userfunctions.c">
      <Filter>Archivos de origen</Filter>
    </ClCompile>
    <ClCompile Include="..\..\..\..\Downloads\clips_core_source_642\clips_core_source_642\core\userdata.c">
      <Filter>Archivos de origen</Filter>
    </ClCompile>
    <ClCompile Include="..\..\..\..\Downloads\clips_core_source_642\clips_core_source_642\core\tmpltutl.c">
      <Filter>Archivos de origen</Filter>
    </ClCompile>
    <ClCompile Include="..\..\..\..\Downloads\clips_core_source_642\clips_core_source_642\core\tmpltrhs.c">
      <Filter>Archivos de origen</Filter>
    </ClCompile>
    <ClCompile Include="..\..\..\..\Downloads\clips_core_source_642\clips_core_source_642\core\tmpltpsr.c">
      <Filter>Archivos de origen</Filter>
    </ClCompile>
    <ClCompile Include="..\..\..\..\Downloads\clips_core_source_642\clips_core_source_642\core\tmpltlhs.c">
      <Filter>Archivos de origen</Filter>
    </ClCompile>
    <ClCompile Include="..\..\..\..\Downloads\clips_core_source_642\clips_core_source_642\core\tmpltfun.c">
      <Filter>Archivos de origen</Filter>
    </ClCompile>
    <ClCompile Include="..\..\..\..\Downloads\clips_core_source_642\clips_core_source_642\core\tmpltdef.c">
      <Filter>Archivos de origen</Filter>
    </ClCompile>
    <ClCompile Include="..\..\..\..\Downloads\clips_core_source_642\clips_core_source_642\core\tmpltcmp.c">
      <Filter>Archivos de origen</Filter>
    </ClCompile>
    <ClCompile Include="..\..\..\..\Downloads\clips_core_source_642\clips_core_source_642\core\tmpltbsc.c">
      <Filter>Archivos de origen</Filter>
    </ClCompile>
    <ClCompile Include="..\..\..\..\Downloads\clips_core_source_642\clips_core_source_642\core\tmpltbin.c">
      <Filter>Archivos de origen</Filter>
    </ClCompile>
    <ClCompile Include="..\..\..\..\Downloads\clips_core_source_642\clips_core_source_642\core\textpro.c">
      <Filter>Archivos de origen</Filter>
    </ClCompile>
    <ClCompile Include="..\..\..\..\Downloads\clips_core_source_642\clips_core_source_642\core\sysdep.c">
      <Filter>Archivos de origen</Filter>
    </ClCompile>
    <ClCompile Include="..\..\..\..\Downloads\clips_core_source_642\clips_core_source_642\core\symbol.c">
      <Filter>Archivos de origen</Filter>
    </ClCompile>
    <ClCompile Include="..\..\..\..\Downloads\clips_core_source_642\clips_core_source_642\core\symblcmp.c">
      <Filter>Archivos de origen</Filter>
    </ClCompile>
    <ClCompile Include="..\..\..\..\Downloads\clips_core_source_642\clips_core_source_642\core\symblbin.c">
      <Filter>Archivos de origen</Filter>
    </ClCompile>
    <ClCompile Include="..\..\..\..\Downloads\clips_core_source_642\clips_core_source_642\core\strngrtr.c">
      <Filter>Archivos de origen</Filter>
    </ClCompile>
    <ClCompile Include="..\..\..\..\Downloads\clips_core_source_642\clips_core_source_642\core\strngfun.c">
      <Filter>Archivos de origen</Filter>
    </ClCompile>
    <ClCompile Include="..\..\..\..\Downloads\clips_core_source_642\clips_core_source_642\core\sortfun.c">
      <Filter>Archivos de origen</Filter>
    </ClCompile>
    <ClCompile Include="..\..\..\..\Downloads\clips_core_source_642\clips_core_source_642\core\scanner.c">
      <Filter>Archivos de origen</Filter>
    </ClCompile>
    <ClCompile Include="..\..\..\..\Downloads\clips_core_source_642\clips_core_source_642\core\rulepsr.c">
      <Filter>Archivos de origen</Filter>
    </ClCompile>
    <ClCompile Include="..\..\..\..\Downloads\clips_core_source_642\clips_core_source_642\core\rulelhs.c">
      <Filter>Archivos de origen</Filter>
    </ClCompile>
    <ClCompile Include="..\..\..\..\Downloads\clips_core_source_642\clips_core_source_642\core\ruledlt.c">
      <Filter>Archivos de origen</Filter>
    </ClCompile>
    <ClCompile Include="..\..\..\..\Downloads\clips_core_source_642\clips_core_source_642\core\ruledef.c">
      <Filter>Archivos de origen</Filter>
    </ClCompile>
    <ClCompile Include="..\..\..\..\Downloads\clips_core_source_642\clips_core_source_642\core\rulecstr.c">
      <Filter>Archivos de origen</Filter>
    </ClCompile>
    <ClCompile Include="..\..\..\..\Downloads\clips_core_source_642\clips_core_source_642\core\rulecom.c">
      <Filter>Archivos de origen</Filter>
    </ClCompile>
    <ClCompile Include="..\..\..\..\Downloads\clips_core_source_642\clips_core_source_642\core\rulecmp.c">
      <Filter>Archivos de origen</Filter>
    </ClCompile>
    <ClCompile Include="..\..\..\..\Downloads\clips_core_source_642\clips_core_source_642\core\rulebsc.c">
      <Filter>Archivos de origen</Filter>
    </ClCompile>
    <ClCompile Include="..\..\..\..\Downloads\clips_core_source_642\clips_core_source_642\core\rulebld.c">
      <Filter>Archivos de origen</Filter>
    </ClCompile>
    <ClCompile Include="..\..\..\..\Downloads\clips_core_source_642\clips_core_source_642\core\rulebin.c">
      <Filter>Archivos de origen</Filter>
    </ClCompile>
    <ClCompile Include="..\..\..\..\Downloads\clips_core_source_642\clips_core_source_642\core\router.c">
      <Filter>Archivos de origen</Filter>
    </ClCompile>
    <ClCompile Include="..\..\..\..\Downloads\clips_core_source_642\clips_core_source_642\core\retract.c">
      <Filter>Archivos de origen</Filter>
    </ClCompile>
    <ClCompile Include="..\..\..\..\Downloads\clips_core_source_642\clips_core_source_642\core\reteutil.c">
      <Filter>Archivos de origen</Filter>
    </ClCompile>
    <ClCompile Include="..\..\..\..\Downloads\clips_core_source_642\clips_core_source_642\core\reorder.c">
      <Filter>Archivos de origen</Filter>
    </ClCompile>
    <ClCompile Include="..\..\..\..\Downloads\clips_core_source_642\clips_core_source_642\core\proflfun.c">
      <Filter>Archivos de origen</Filter>
    </ClCompile>
    <ClCompile Include="..\..\..\..\Downloads\clips_core_source_642\clips_core_source_642\core\prntutil.c">
      <Filter>Archivos de origen</Filter>
    </ClCompile>
    <ClCompile Include="..\..\..\..\Downloads\clips_core_source_642\clips_core_source_642\core\prdctfun.c">
      <Filter>Archivos de origen</Filter>
    </ClCompile>
    <ClCompile Include="..\..\..\..\Downloads\clips_core_source_642\clips_core_source_642\core\prcdrpsr.c">
      <Filter>Archivos de origen</Filter>
    </ClCompile>
    <ClCompile Include="..\..\..\..\Downloads\clips_core_source_642\clips_core_source_642\core\prcdrfun.c">
      <Filter>Archivos de origen</Filter>
    </ClCompile>
    <ClCompile Include="..\..\..\..\Downloads\clips_core_source_642\clips_core_source_642\core\prccode.c">
      <Filter>Archivos de origen</Filter>
    </ClCompile>
    <ClCompile Include="..\..\..\..\Downloads\clips_core_source_642\clips_core_source_642\core\pprint.c">
      <Filter>Archivos de origen</Filter>
    </ClCompile>
    <ClCompile Include="..\..\..\..\Downloads\clips_core_source_642\clips_core_source_642\core\pattern.c">
      <Filter>Archivos de origen</Filter>
    </ClCompile>
    <ClCompile Include="..\..\..\..\Downloads\clips_core_source_642\clips_core_source_642\core\parsefun.c">
      <Filter>Archivos de origen</Filter>
    </ClCompile>
    <ClCompile Include="..\..\..\..\Downloads\clips_core_source_642\clips_core_source_642\core\objrtmch.c">
      <Filter>Archivos de origen</Filter>
    </ClCompile>
    <ClCompile Include="..\..\..\..\Downloads\clips_core_source_642\clips_core_source_642\core\objrtgen.c">
      <Filter>Archivos de origen</Filter>
    </ClCompile>
    <ClCompile Include="..\..\..\..\Downloads\clips_core_source_642\clips_core_source_642\core\objrtfnx.c">
      <Filter>Archivos de origen</Filter>
    </ClCompile>
    <ClCompile Include="..\..\..\..\Downloads\clips_core_source_642\clips_core_source_642\core\objrtcmp.c">
      <Filter>Archivos de origen</Filter>
    </ClCompile>
    <ClCompile Include="..\..\..\..\Downloads\clips_core_source_642\clips_core_source_642\core\objrtbld.c">
      <Filter>Archivos de origen</Filter>
    </ClCompile>
    <ClCompile Include="..\..\..\..\Downloads\clips_core_source_642\clips_core_source_642\core\objrtbin.c">
      <Filter>Archivos de origen</Filter>
    </ClCompile>
    <ClCompile Include="..\..\..\..\Downloads\clips_core_source_642\clips_core_source_642\core\objcmp.c">
      <Filter>Archivos de origen</Filter>
    </ClCompile>
    <ClCompile Include="..\..\..\..\Downloads\clips_core_source_642\clips_core_source_642\core\objbin.c">
      <Filter>Archivos de origen</Filter>
    </ClCompile>
    <ClCompile Include="..\..\..\..\Downloads\clips_core_source_642\clips_core_source_642\core\multifun.c">
      <Filter>Archivos de origen</Filter>
    </ClCompile>
    <ClCompile Include="..\..\..\..\Downloads\clips_core_source_642\clips_core_source_642\core\multifld.c">
      <Filter>Archivos de origen</Filter>
    </ClCompile>
    <ClCompile Include="..\..\..\..\Downloads\clips_core_source_642\clips_core_source_642\core\msgpsr.c">
      <Filter>Archivos de origen</Filter>
    </ClCompile>
    <ClCompile Include="..\..\..\..\Downloads\clips_core_source_642\clips_core_source_642\core\msgpass.c">
      <Filter>Archivos de origen</Filter>
    </ClCompile>
    <ClCompile Include="..\..\..\..\Downloads\clips_core_source_642\clips_core_source_642\core\msgfun.c">
      <Filter>Archivos de origen</Filter>
    </ClCompile>
    <ClCompile Include="..\..\..\..\Downloads\clips_core_source_642\clips_core_source_642\core\msgcom.c">
      <Filter>Archivos de origen</Filter>
    </ClCompile>
    <ClCompile Include="..\..\..\..\Downloads\clips_core_source_642\clips_core_source_642\core\modulutl.c">
      <Filter>Archivos de origen</Filter>
    </ClCompile>
    <ClCompile Include="..\..\..\..\Downloads\clips_core_source_642\clips_core_source_642\core\modulpsr.c">
      <Filter>Archivos de origen</Filter>
    </ClCompile>
    <ClCompile Include="..\..\..\..\Downloads\clips_core_source_642\clips_core_source_642\core\moduldef.c">
      <Filter>Archivos de origen</Filter>
    </ClCompile>
    <ClCompile Include="..\..\..\..\Downloads\clips_core_source_642\clips_core_source_642\core\modulcmp.c">
      <Filter>Archivos de origen</Filter>
    </ClCompile>
    <ClCompile Include="..\..\..\..\Downloads\clips_core_source_642\clips_core_source_642\core\modulbsc.c">
      <Filter>Archivos de origen</Filter>
    </ClCompile>
    <ClCompile Include="..\..\..\..\Downloads\clips_core_source_642\clips_core_source_642\core\modulbin.c">
      <Filter>Archivos de origen</Filter>
    </ClCompile>
    <ClCompile Include="..\..\..\..\Downloads\clips_core_source_642\clips_core_source_642\core\miscfun.c">
      <Filter>Archivos de origen</Filter>
    </ClCompile>
    <ClCompile Include="..\..\..\..\Downloads\clips_core_source_642\clips_core_source_642\core\memalloc.c">
      <Filter>Archivos de origen</Filter>
    </ClCompile>
    <ClCompile Include="..\..\..\..\Downloads\clips_core_source_642\clips_core_source_642\core\main.c">
      <Filter>Archivos de origen</Filter>
    </ClCompile>
    <ClCompile Include="..\..\..\..\Downloads\clips_core_source_642\clips_core_source_642\core\lgcldpnd.c">
      <Filter>Archivos de origen</Filter>
    </ClCompile>
    <ClCompile Include="..\..\..\..\Downloads\clips_core_source_642\clips_core_source_642\core\iofun.c">
      <Filter>Archivos de origen</Filter>
    </ClCompile>
    <ClCompile Include="..\..\..\..\Downloads\clips_core_source_642\clips_core_source_642\core\insqypsr.c">
      <Filter>Archivos de origen</Filter>
    </ClCompile>
    <ClCompile Include="..\..\..\..\Downloads\clips_core_source_642\clips_core_source_642\core\insquery.c">
      <Filter>Archivos de origen</Filter>
    </ClCompile>
    <ClCompile Include="..\..\..\..\Downloads\clips_core_source_642\clips_core_source_642\core\inspsr.c">
      <Filter>Archivos de origen</Filter>
    </ClCompile>
    <ClCompile Include="..\..\..\..\Downloads\clips_core_source_642\clips_core_source_642\core\insmult.c">
      <Filter>Archivos de origen</Filter>
    </ClCompile>
    <ClCompile Include="..\..\..\..\Downloads\clips_core_source_642\clips_core_source_642\core\insmoddp.c">
      <Filter>Archivos de origen</Filter>
    </ClCompile>
    <ClCompile Include="..\..\..\..\Downloads\clips_core_source_642\clips_core_source_642\core\insmngr.c">
      <Filter>Archivos de origen</Filter>
    </ClCompile>
    <ClCompile Include="..\..\..\..\Downloads\clips_core_source_642\clips_core_source_642\core\insfun.c">
      <Filter>Archivos de origen</Filter>
    </ClCompile>
    <ClCompile Include="..\..\..\..\Downloads\clips_core_source_642\clips_core_source_642\core\insfile.c">
      <Filter>Archivos de origen</Filter>
    </ClCompile>
    <ClCompile Include="..\..\..\..\Downloads\clips_core_source_642\clips_core_source_642\core\inscom.c">
      <Filter>Archivos de origen</Filter>
    </ClCompile>
    <ClCompile Include="..\..\..\..\Downloads\clips_core_source_642\clips_core_source_642\core\inherpsr.c">
      <Filter>Archivos de origen</Filter>
    </ClCompile>
    <ClCompile Include="..\..\..\..\Downloads\clips_core_source_642\clips_core_source_642\core\incrrset.c">
      <Filter>Archivos de origen</Filter>
    </ClCompile>
    <ClCompile Include="..\..\..\..\Downloads\clips_core_source_642\clips_core_source_642\core\immthpsr.c">
      <Filter>Archivos de origen</Filter>
    </ClCompile>
    <ClCompile Include="..\..\..\..\Downloads\clips_core_source_642\clips_core_source_642\core\globlpsr.c">
      <Filter>Archivos de origen</Filter>
    </ClCompile>
    <ClCompile Include="..\..\..\..\Downloads\clips_core_source_642\clips_core_source_642\core\globldef.c">
      <Filter>Archivos de origen</Filter>
    </ClCompile>
    <ClCompile Include="..\..\..\..\Downloads\clips_core_source_642\clips_core_source_642\core\globlcom.c">
      <Filter>Archivos de origen</Filter>
    </ClCompile>
    <ClCompile Include="..\..\..\..\Downloads\clips_core_source_642\clips_core_source_642\core\globlcmp.c">
      <Filter>Archivos de origen</Filter>
    </ClCompile>
    <ClCompile Include="..\..\..\..\Downloads\clips_core_source_642\clips_core_source_642\core\globlbsc.c">
      <Filter>Archivos de origen</Filter>
    </ClCompile>
    <ClCompile Include="..\..\..\..\Downloads\clips_core_source_642\clips_core_source_642\core\globlbin.c">
      <Filter>Archivos de origen</Filter>
    </ClCompile>
    <ClCompile Include="..\..\..\..\Downloads\clips_core_source_642\clips_core_source_642\core\genrcpsr.c">
      <Filter>Archivos de origen</Filter>
    </ClCompile>
    <ClCompile Include="..\..\..\..\Downloads\clips_core_source_642\clips_core_source_642\core\genrcfun.c">
      <Filter>Archivos de origen</Filter>
    </ClCompile>
    <ClCompile Include="..\..\..\..\Downloads\clips_core_source_642\clips_core_source_642\core\genrcexe.c">
      <Filter>Archivos de origen</Filter>
    </ClCompile>
    <ClCompile Include="..\..\..\..\Downloads\clips_core_source_642\clips_core_source_642\core\genrccom.c">
      <Filter>Archivos de origen</Filter>
    </ClCompile>
    <ClCompile Include="..\..\..\..\Downloads\clips_core_source_642\clips_core_source_642\core\genrccmp.c">
      <Filter>Archivos de origen</Filter>
    </ClCompile>
    <ClCompile Include="..\..\..\..\Downloads\clips_core_source_642\clips_core_source_642\core\genrcbin.c">
      <Filter>Archivos de origen</Filter>
    </ClCompile>
    <ClCompile Include="..\..\..\..\Downloads\clips_core_source_642\clips_core_source_642\core\generate.c">
      <Filter>Archivos de origen</Filter>
    </ClCompile>
    <ClCompile Include="..\..\..\..\Downloads\clips_core_source_642\clips_core_source_642\core\fileutil.c">
      <Filter>Archivos de origen</Filter>
    </ClCompile>
    <ClCompile Include="..\..\..\..\Downloads\clips_core_source_642\clips_core_source_642\core\filertr.c">
      <Filter>Archivos de origen</Filter>
    </ClCompile>
    <ClCompile Include="..\..\..\..\Downloads\clips_core_source_642\clips_core_source_642\core\filecom.c">
      <Filter>Archivos de origen</Filter>
    </ClCompile>
    <ClCompile Include="..\..\..\..\Downloads\clips_core_source_642\clips_core_source_642\core\factrhs.c">
      <Filter>Archivos de origen</Filter>
    </ClCompile>
    <ClCompile Include="..\..\..\..\Downloads\clips_core_source_642\clips_core_source_642\core\factrete.c">
      <Filter>Archivos de origen</Filter>
    </ClCompile>
    <ClCompile Include="..\..\..\..\Downloads\clips_core_source_642\clips_core_source_642\core\factqury.c">
      <Filter>Archivos de origen</Filter>
    </ClCompile>
    <ClCompile Include="..\..\..\..\Downloads\clips_core_source_642\clips_core_source_642\core\factqpsr.c">
      <Filter>Archivos de origen</Filter>
    </ClCompile>
    <ClCompile Include="..\..\..\..\Downloads\clips_core_source_642\clips_core_source_642\core\factprt.c">
      <Filter>Archivos de origen</Filter>
    </ClCompile>
    <ClCompile Include="..\..\..\..\Downloads\clips_core_source_642\clips_core_source_642\core\factmngr.c">
      <Filter>Archivos de origen</Filter>
    </ClCompile>
    <ClCompile Include="..\..\..\..\Downloads\clips_core_source_642\clips_core_source_642\core\factmch.c">
      <Filter>Archivos de origen</Filter>
    </ClCompile>
    <ClCompile Include="..\..\..\..\Downloads\clips_core_source_642\clips_core_source_642\core\factlhs.c">
      <Filter>Archivos de origen</Filter>
    </ClCompile>
    <ClCompile Include="..\..\..\..\Downloads\clips_core_source_642\clips_core_source_642\core\facthsh.c">
      <Filter>Archivos de origen</Filter>
    </ClCompile>
    <ClCompile Include="..\..\..\..\Downloads\clips_core_source_642\clips_core_source_642\core\factgen.c">
      <Filter>Archivos de origen</Filter>
    </ClCompile>
    <ClCompile Include="..\..\..\..\Downloads\clips_core_source_642\clips_core_source_642\core\factfun.c">
      <Filter>Archivos de origen</Filter>
    </ClCompile>
    <ClCompile Include="..\..\..\..\Downloads\clips_core_source_642\clips_core_source_642\core\factfile.c">
      <Filter>Archivos de origen</Filter>
    </ClCompile>
    <ClCompile Include="..\..\..\..\Downloads\clips_core_source_642\clips_core_source_642\core\factcom.c">
      <Filter>Archivos de origen</Filter>
    </ClCompile>
    <ClCompile Include="..\..\..\..\Downloads\clips_core_source_642\clips_core_source_642\core\factcmp.c">
      <Filter>Archivos de origen</Filter>
    </ClCompile>
    <ClCompile Include="..\..\..\..\Downloads\clips_core_source_642\clips_core_source_642\core\factbld.c">
      <Filter>Archivos de origen</Filter>
    </ClCompile>
    <ClCompile Include="..\..\..\..\Downloads\clips_core_source_642\clips_core_source_642\core\factbin.c">
      <Filter>Archivos de origen</Filter>
    </ClCompile>
    <ClCompile Include="..\..\..\..\Downloads\clips_core_source_642\clips_core_source_642\core\extnfunc.c">
      <Filter>Archivos de origen</Filter>
    </ClCompile>
    <ClCompile Include="..\..\..\..\Downloads\clips_core_source_642\clips_core_source_642\core\exprnpsr.c">
      <Filter>Archivos de origen</Filter>
    </ClCompile>
    <ClCompile Include="..\..\..\..\Downloads\clips_core_source_642\clips_core_source_642\core\exprnops.c">
      <Filter>Archivos de origen</Filter>
    </ClCompile>
    <ClCompile Include="..\..\..\..\Downloads\clips_core_source_642\clips_core_source_642\core\exprnbin.c">
      <Filter>Archivos de origen</Filter>
    </ClCompile>
    <ClCompile Include="..\..\..\..\Downloads\clips_core_source_642\clips_core_source_642\core\expressn.c">
      <Filter>Archivos de origen</Filter>
    </ClCompile>
    <ClCompile Include="..\..\..\..\Downloads\clips_core_source_642\clips_core_source_642\core\evaluatn.c">
      <Filter>Archivos de origen</Filter>
    </ClCompile>
    <ClCompile Include="..\..\..\..\Downloads\clips_core_source_642\clips_core_source_642\core\envrnmnt.c">
      <Filter>Archivos de origen</Filter>
    </ClCompile>
    <ClCompile Include="..\..\..\..\Downloads\clips_core_source_642\clips_core_source_642\core\envrnbld.c">
      <Filter>Archivos de origen</Filter>
    </ClCompile>
    <ClCompile Include="..\..\..\..\Downloads\clips_core_source_642\clips_core_source_642\core\engine.c">
      <Filter>Archivos de origen</Filter>
    </ClCompile>
    <ClCompile Include="..\..\..\..\Downloads\clips_core_source_642\clips_core_source_642\core\emathfun.c">
      <Filter>Archivos de origen</Filter>
    </ClCompile>
    <ClCompile Include="..\..\..\..\Downloads\clips_core_source_642\clips_core_source_642\core\drive.c">
      <Filter>Archivos de origen</Filter>
    </ClCompile>
    <ClCompile Include="..\..\..\..\Downloads\clips_core_source_642\clips_core_source_642\core\dfinscmp.c">
      <Filter>Archivos de origen</Filter>
    </ClCompile>
    <ClCompile Include="..\..\..\..\Downloads\clips_core_source_642\clips_core_source_642\core\dfinsbin.c">
      <Filter>Archivos de origen</Filter>
    </ClCompile>
    <ClCompile Include="..\..\..\..\Downloads\clips_core_source_642\clips_core_source_642\core\dffnxpsr.c">
      <Filter>Archivos de origen</Filter>
    </ClCompile>
    <ClCompile Include="..\..\..\..\Downloads\clips_core_source_642\clips_core_source_642\core\dffnxfun.c">
      <Filter>Archivos de origen</Filter>
    </ClCompile>
    <ClCompile Include="..\..\..\..\Downloads\clips_core_source_642\clips_core_source_642\core\dffnxexe.c">
      <Filter>Archivos de origen</Filter>
    </ClCompile>
    <ClCompile Include="..\..\..\..\Downloads\clips_core_source_642\clips_core_source_642\core\dffnxcmp.c">
      <Filter>Archivos de origen</Filter>
    </ClCompile>
    <ClCompile Include="..\..\..\..\Downloads\clips_core_source_642\clips_core_source_642\core\dffnxbin.c">
      <Filter>Archivos de origen</Filter>
    </ClCompile>
    <ClCompile Include="..\..\..\..\Downloads\clips_core_source_642\clips_core_source_642\core\dffctpsr.c">
      <Filter>Archivos de origen</Filter>
    </ClCompile>
    <ClCompile Include="..\..\..\..\Downloads\clips_core_source_642\clips_core_source_642\core\dffctdef.c">
      <Filter>Archivos de origen</Filter>
    </ClCompile>
    <ClCompile Include="..\..\..\..\Downloads\clips_core_source_642\clips_core_source_642\core\dffctcmp.c">
      <Filter>Archivos de origen</Filter>
    </ClCompile>
    <ClCompile Include="..\..\..\..\Downloads\clips_core_source_642\clips_core_source_642\core\dffctbsc.c">
      <Filter>Archivos de origen</Filter>
    </ClCompile>
    <ClCompile Include="..\..\..\..\Downloads\clips_core_source_642\clips_core_source_642\core\dffctbin.c">
      <Filter>Archivos de origen</Filter>
    </ClCompile>
    <ClCompile Include="..\..\..\..\Downloads\clips_core_source_642\clips_core_source_642\core\developr.c">
      <Filter>Archivos de origen</Filter>
    </ClCompile>
    <ClCompile Include="..\..\..\..\Downloads\clips_core_source_642\clips_core_source_642\core\defins.c">
      <Filter>Archivos de origen</Filter>
    </ClCompile>
    <ClCompile Include="..\..\..\..\Downloads\clips_core_source_642\clips_core_source_642\core\default.c">
      <Filter>Archivos de origen</Filter>
    </ClCompile>
    <ClCompile Include="..\..\..\..\Downloads\clips_core_source_642\clips_core_source_642\core\cstrnutl.c">
      <Filter>Archivos de origen</Filter>
    </ClCompile>
    <ClCompile Include="..\..\..\..\Downloads\clips_core_source_642\clips_core_source_642\core\cstrnpsr.c">
      <Filter>Archivos de origen</Filter>
    </ClCompile>
    <ClCompile Include="..\..\..\..\Downloads\clips_core_source_642\clips_core_source_642\core\cstrnops.c">
      <Filter>Archivos de origen</Filter>
    </ClCompile>
    <ClCompile Include="..\..\..\..\Downloads\clips_core_source_642\clips_core_source_642\core\cstrncmp.c">
      <Filter>Archivos de origen</Filter>
    </ClCompile>
    <ClCompile Include="..\..\..\..\Downloads\clips_core_source_642\clips_core_source_642\core\cstrnchk.c">
      <Filter>Archivos de origen</Filter>
    </ClCompile>
    <ClCompile Include="..\..\..\..\Downloads\clips_core_source_642\clips_core_source_642\core\cstrnbin.c">
      <Filter>Archivos de origen</Filter>
    </ClCompile>
    <ClCompile Include="..\..\..\..\Downloads\clips_core_source_642\clips_core_source_642\core\cstrcpsr.c">
      <Filter>Archivos de origen</Filter>
    </ClCompile>
    <ClCompile Include="..\..\..\..\Downloads\clips_core_source_642\clips_core_source_642\core\cstrccom.c">
      <Filter>Archivos de origen</Filter>
    </ClCompile>
    <ClCompile Include="..\..\..\..\Downloads\clips_core_source_642\clips_core_source_642\core\cstrcbin.c">
      <Filter>Archivos de origen</Filter>
    </ClCompile>
    <ClCompile Include="..\..\..\..\Downloads\clips_core_source_642\clips_core_source_642\core\crstrtgy.c">
      <Filter>Archivos de origen</Filter>
    </ClCompile>
    <ClCompile Include="..\..\..\..\Downloads\clips_core_source_642\clips_core_source_642\core\constrnt.c">
      <Filter>Archivos de origen</Filter>
    </ClCompile>
    <ClCompile Include="..\..\..\..\Downloads\clips_core_source_642\clips_core_source_642\core\constrct.c">
      <Filter>Archivos de origen</Filter>
    </ClCompile>
    <ClCompile Include="..\..\..\..\Downloads\clips_core_source_642\clips_core_source_642\core\conscomp.c">
      <Filter>Archivos de origen</Filter>
    </ClCompile>
    <ClCompile Include="..\..\..\..\Downloads\clips_core_source_642\clips_core_source_642\core\commline.c">
      <Filter>Archivos de origen</Filter>
    </ClCompile>
    <ClCompile Include="..\..\..\..\Downloads\clips_core_source_642\clips_core_source_642\core\clsltpsr.c">
      <Filter>Archivos de origen</Filter>
    </ClCompile>
    <ClCompile Include="..\..\..\..\Downloads\clips_core_source_642\clips_core_source_642\core\classpsr.c">
      <Filter>Archivos de origen</Filter>
    </ClCompile>
    <ClCompile Include="..\..\..\..\Downloads\clips_core_source_642\clips_core_source_642\core\classini.c">
      <Filter>Archivos de origen</Filter>
    </ClCompile>
    <ClCompile Include="..\..\..\..\Downloads\clips_core_source_642\clips_core_source_642\core\classinf.c">
      <Filter>Archivos de origen</Filter>
    </ClCompile>
    <ClCompile Include="..\..\..\..\Downloads\clips_core_source_642\clips_core_source_642\core\classfun.c">
      <Filter>Archivos de origen</Filter>
    </ClCompile>
    <ClCompile Include="..\..\..\..\Downloads\clips_core_source_642\clips_core_source_642\core\classexm.c">
      <Filter>Archivos de origen</Filter>
    </ClCompile>
    <ClCompile Include="..\..\..\..\Downloads\clips_core_source_642\clips_core_source_642\core\classcom.c">
      <Filter>Archivos de origen</Filter>
    </ClCompile>
    <ClCompile Include="..\..\..\..\Downloads\clips_core_source_642\clips_core_source_642\core\bsave.c">
      <Filter>Archivos de origen</Filter>
    </ClCompile>
    <ClCompile Include="..\..\..\..\Downloads\clips_core_source_642\clips_core_source_642\core\bmathfun.c">
      <Filter>Archivos de origen</Filter>
    </ClCompile>
    <ClCompile Include="..\..\..\..\Downloads\clips_core_source_642\clips_core_source_642\core\bload.c">
      <Filter>Archivos de origen</Filter>
    </ClCompile>
    <ClCompile Include="..\..\..\..\Downloads\clips_core_source_642\clips_core_source_642\core\argacces.c">
      <Filter>Archivos de origen</Filter>
    </ClCompile>
    <ClCompile Include="..\..\..\..\Downloads\clips_core_source_642\clips_core_source_642\core\analysis.c">
      <Filter>Archivos de origen</Filter>
    </ClCompile>
    <ClCompile Include="..\..\..\..\Downloads\clips_core_source_642\clips_core_source_642\core\agenda.c">
      <Filter>Archivos de origen</Filter>
    </ClCompile>
  </ItemGroup>
  <ItemGroup>
    <None Include="Exports.def">
      <Filter>Archivos de origen</Filter>
    </None>
  </ItemGroup>
</Project>